// !$*UTF8*$!
{
	archiveVersion = 1;
	classes = {
	};
	objectVersion = 56;
	objects = {

/* Begin PBXBuildFile section */
		24A047EA2B03ED5800516074 /* CustomButton.swift in Sources */ = {isa = PBXBuildFile; fileRef = 24A047E92B03ED5800516074 /* CustomButton.swift */; };
		24A047EC2B03F0BE00516074 /* MainViewController.swift in Sources */ = {isa = PBXBuildFile; fileRef = 24A047EB2B03F0BE00516074 /* MainViewController.swift */; };
		57BE15602B011544001FA77E /* AppDelegate.swift in Sources */ = {isa = PBXBuildFile; fileRef = 57BE155F2B011544001FA77E /* AppDelegate.swift */; };
		57BE15622B011544001FA77E /* SceneDelegate.swift in Sources */ = {isa = PBXBuildFile; fileRef = 57BE15612B011544001FA77E /* SceneDelegate.swift */; };
		57BE15692B011547001FA77E /* Assets.xcassets in Resources */ = {isa = PBXBuildFile; fileRef = 57BE15682B011547001FA77E /* Assets.xcassets */; };
		57BE156C2B011547001FA77E /* LaunchScreen.storyboard in Resources */ = {isa = PBXBuildFile; fileRef = 57BE156A2B011547001FA77E /* LaunchScreen.storyboard */; };
		57BE15782B011626001FA77E /* GameScreenViewController.swift in Sources */ = {isa = PBXBuildFile; fileRef = 57BE15772B011626001FA77E /* GameScreenViewController.swift */; };
		57BE157D2B01166A001FA77E /* SettingsViewController.swift in Sources */ = {isa = PBXBuildFile; fileRef = 57BE157C2B01166A001FA77E /* SettingsViewController.swift */; };
		57BE15812B01168B001FA77E /* RulesViewController.swift in Sources */ = {isa = PBXBuildFile; fileRef = 57BE15802B01168B001FA77E /* RulesViewController.swift */; };
		57C8F23B2B03F1D60001DD19 /* SettingBackgroundCell.swift in Sources */ = {isa = PBXBuildFile; fileRef = 57C8F2382B03F1D60001DD19 /* SettingBackgroundCell.swift */; };
		57C8F23C2B03F1D60001DD19 /* SettingSpeedCell.swift in Sources */ = {isa = PBXBuildFile; fileRef = 57C8F2392B03F1D60001DD19 /* SettingSpeedCell.swift */; };
		57C8F23D2B03F1D60001DD19 /* SettingTimeCell.swift in Sources */ = {isa = PBXBuildFile; fileRef = 57C8F23A2B03F1D60001DD19 /* SettingTimeCell.swift */; };
		770AD2612B026ACA00150DCF /* RainbowNavigationController.swift in Sources */ = {isa = PBXBuildFile; fileRef = 770AD2602B026ACA00150DCF /* RainbowNavigationController.swift */; };
		770AD2642B026B8200150DCF /* Images.swift in Sources */ = {isa = PBXBuildFile; fileRef = 770AD2632B026B8200150DCF /* Images.swift */; };
		770AD2662B026F0700150DCF /* RainbowViewController.swift in Sources */ = {isa = PBXBuildFile; fileRef = 770AD2652B026F0700150DCF /* RainbowViewController.swift */; };
		774CD77C2B016CB0007284AE /* GameScreenPresenter.swift in Sources */ = {isa = PBXBuildFile; fileRef = 774CD77B2B016CB0007284AE /* GameScreenPresenter.swift */; };
		774CD77E2B016CB5007284AE /* GameScreen.swift in Sources */ = {isa = PBXBuildFile; fileRef = 774CD77D2B016CB5007284AE /* GameScreen.swift */; };
		774CD7802B016D1F007284AE /* GameScreenProtocols.swift in Sources */ = {isa = PBXBuildFile; fileRef = 774CD77F2B016D1F007284AE /* GameScreenProtocols.swift */; };
		774CD7822B016F06007284AE /* Colors.xcassets in Resources */ = {isa = PBXBuildFile; fileRef = 774CD7812B016F06007284AE /* Colors.xcassets */; };
		774CD7842B016F2F007284AE /* Colors.swift in Sources */ = {isa = PBXBuildFile; fileRef = 774CD7832B016F2F007284AE /* Colors.swift */; };
		774CD7862B016FE0007284AE /* ColorView.swift in Sources */ = {isa = PBXBuildFile; fileRef = 774CD7852B016FE0007284AE /* ColorView.swift */; };
		774CD78A2B01710B007284AE /* SnapKit in Frameworks */ = {isa = PBXBuildFile; productRef = 774CD7892B01710B007284AE /* SnapKit */; };
		774CD78C2B01710B007284AE /* SnapKit-Dynamic in Frameworks */ = {isa = PBXBuildFile; productRef = 774CD78B2B01710B007284AE /* SnapKit-Dynamic */; };
		774CD78E2B017C5E007284AE /* Fonts.swift in Sources */ = {isa = PBXBuildFile; fileRef = 774CD78D2B017C5E007284AE /* Fonts.swift */; };
		774CD7902B017DC4007284AE /* UIApplication+Extension.swift in Sources */ = {isa = PBXBuildFile; fileRef = 774CD78F2B017DC4007284AE /* UIApplication+Extension.swift */; };
		CB43A2522B02BDBF0021904B /* ResultsViewController.swift in Sources */ = {isa = PBXBuildFile; fileRef = CB43A2512B02BDBF0021904B /* ResultsViewController.swift */; };
		CB43A2542B02BDE80021904B /* ResultCell.swift in Sources */ = {isa = PBXBuildFile; fileRef = CB43A2532B02BDE80021904B /* ResultCell.swift */; };
		CB43A2562B02BDFE0021904B /* GameResult.swift in Sources */ = {isa = PBXBuildFile; fileRef = CB43A2552B02BDFE0021904B /* GameResult.swift */; };
		CB43A2582B02BE120021904B /* GameResults.swift in Sources */ = {isa = PBXBuildFile; fileRef = CB43A2572B02BE120021904B /* GameResults.swift */; };
/* End PBXBuildFile section */

/* Begin PBXFileReference section */
		24A047E92B03ED5800516074 /* CustomButton.swift */ = {isa = PBXFileReference; fileEncoding = 4; lastKnownFileType = sourcecode.swift; path = CustomButton.swift; sourceTree = "<group>"; };
		24A047EB2B03F0BE00516074 /* MainViewController.swift */ = {isa = PBXFileReference; fileEncoding = 4; lastKnownFileType = sourcecode.swift; path = MainViewController.swift; sourceTree = "<group>"; };
		57BE155C2B011544001FA77E /* RainbowGame.app */ = {isa = PBXFileReference; explicitFileType = wrapper.application; includeInIndex = 0; path = RainbowGame.app; sourceTree = BUILT_PRODUCTS_DIR; };
		57BE155F2B011544001FA77E /* AppDelegate.swift */ = {isa = PBXFileReference; lastKnownFileType = sourcecode.swift; path = AppDelegate.swift; sourceTree = "<group>"; };
		57BE15612B011544001FA77E /* SceneDelegate.swift */ = {isa = PBXFileReference; lastKnownFileType = sourcecode.swift; path = SceneDelegate.swift; sourceTree = "<group>"; };
		57BE15682B011547001FA77E /* Assets.xcassets */ = {isa = PBXFileReference; lastKnownFileType = folder.assetcatalog; path = Assets.xcassets; sourceTree = "<group>"; };
		57BE156B2B011547001FA77E /* Base */ = {isa = PBXFileReference; lastKnownFileType = file.storyboard; name = Base; path = Base.lproj/LaunchScreen.storyboard; sourceTree = "<group>"; };
		57BE15772B011626001FA77E /* GameScreenViewController.swift */ = {isa = PBXFileReference; lastKnownFileType = sourcecode.swift; path = GameScreenViewController.swift; sourceTree = "<group>"; };
		57BE157C2B01166A001FA77E /* SettingsViewController.swift */ = {isa = PBXFileReference; lastKnownFileType = sourcecode.swift; path = SettingsViewController.swift; sourceTree = "<group>"; };
		57BE15802B01168B001FA77E /* RulesViewController.swift */ = {isa = PBXFileReference; lastKnownFileType = sourcecode.swift; path = RulesViewController.swift; sourceTree = "<group>"; };
		57C8F2382B03F1D60001DD19 /* SettingBackgroundCell.swift */ = {isa = PBXFileReference; fileEncoding = 4; lastKnownFileType = sourcecode.swift; path = SettingBackgroundCell.swift; sourceTree = "<group>"; };
		57C8F2392B03F1D60001DD19 /* SettingSpeedCell.swift */ = {isa = PBXFileReference; fileEncoding = 4; lastKnownFileType = sourcecode.swift; path = SettingSpeedCell.swift; sourceTree = "<group>"; };
		57C8F23A2B03F1D60001DD19 /* SettingTimeCell.swift */ = {isa = PBXFileReference; fileEncoding = 4; lastKnownFileType = sourcecode.swift; path = SettingTimeCell.swift; sourceTree = "<group>"; };
		57D927662B014AC400904463 /* Info.plist */ = {isa = PBXFileReference; lastKnownFileType = text.plist.xml; path = Info.plist; sourceTree = "<group>"; };
		770AD2602B026ACA00150DCF /* RainbowNavigationController.swift */ = {isa = PBXFileReference; lastKnownFileType = sourcecode.swift; path = RainbowNavigationController.swift; sourceTree = "<group>"; };
		770AD2632B026B8200150DCF /* Images.swift */ = {isa = PBXFileReference; lastKnownFileType = sourcecode.swift; path = Images.swift; sourceTree = "<group>"; };
		770AD2652B026F0700150DCF /* RainbowViewController.swift */ = {isa = PBXFileReference; lastKnownFileType = sourcecode.swift; path = RainbowViewController.swift; sourceTree = "<group>"; };
		774CD77B2B016CB0007284AE /* GameScreenPresenter.swift */ = {isa = PBXFileReference; lastKnownFileType = sourcecode.swift; path = GameScreenPresenter.swift; sourceTree = "<group>"; };
		774CD77D2B016CB5007284AE /* GameScreen.swift */ = {isa = PBXFileReference; lastKnownFileType = sourcecode.swift; path = GameScreen.swift; sourceTree = "<group>"; };
		774CD77F2B016D1F007284AE /* GameScreenProtocols.swift */ = {isa = PBXFileReference; lastKnownFileType = sourcecode.swift; path = GameScreenProtocols.swift; sourceTree = "<group>"; };
		774CD7812B016F06007284AE /* Colors.xcassets */ = {isa = PBXFileReference; lastKnownFileType = folder.assetcatalog; path = Colors.xcassets; sourceTree = "<group>"; };
		774CD7832B016F2F007284AE /* Colors.swift */ = {isa = PBXFileReference; lastKnownFileType = sourcecode.swift; path = Colors.swift; sourceTree = "<group>"; };
		774CD7852B016FE0007284AE /* ColorView.swift */ = {isa = PBXFileReference; lastKnownFileType = sourcecode.swift; path = ColorView.swift; sourceTree = "<group>"; };
		774CD78D2B017C5E007284AE /* Fonts.swift */ = {isa = PBXFileReference; lastKnownFileType = sourcecode.swift; path = Fonts.swift; sourceTree = "<group>"; };
		774CD78F2B017DC4007284AE /* UIApplication+Extension.swift */ = {isa = PBXFileReference; lastKnownFileType = sourcecode.swift; path = "UIApplication+Extension.swift"; sourceTree = "<group>"; };
		CB43A2512B02BDBF0021904B /* ResultsViewController.swift */ = {isa = PBXFileReference; lastKnownFileType = sourcecode.swift; path = ResultsViewController.swift; sourceTree = "<group>"; };
		CB43A2532B02BDE80021904B /* ResultCell.swift */ = {isa = PBXFileReference; lastKnownFileType = sourcecode.swift; path = ResultCell.swift; sourceTree = "<group>"; };
		CB43A2552B02BDFE0021904B /* GameResult.swift */ = {isa = PBXFileReference; lastKnownFileType = sourcecode.swift; path = GameResult.swift; sourceTree = "<group>"; };
		CB43A2572B02BE120021904B /* GameResults.swift */ = {isa = PBXFileReference; lastKnownFileType = sourcecode.swift; path = GameResults.swift; sourceTree = "<group>"; };
/* End PBXFileReference section */

/* Begin PBXFrameworksBuildPhase section */
		57BE15592B011544001FA77E /* Frameworks */ = {
			isa = PBXFrameworksBuildPhase;
			buildActionMask = 2147483647;
			files = (
				774CD78A2B01710B007284AE /* SnapKit in Frameworks */,
				774CD78C2B01710B007284AE /* SnapKit-Dynamic in Frameworks */,
			);
			runOnlyForDeploymentPostprocessing = 0;
		};
/* End PBXFrameworksBuildPhase section */

/* Begin PBXGroup section */
		57A8F2A82B01528000BCFD61 /* Controllers */ = {
			isa = PBXGroup;
			children = (
				24A047EB2B03F0BE00516074 /* MainViewController.swift */,
			);
			path = Controllers;
			sourceTree = "<group>";
		};
		57A8F2A92B01528A00BCFD61 /* Models */ = {
			isa = PBXGroup;
			children = (
			);
			path = Models;
			sourceTree = "<group>";
		};
		57A8F2AA2B01529500BCFD61 /* Views */ = {
			isa = PBXGroup;
			children = (
			);
			path = Views;
			sourceTree = "<group>";
		};
		57A8F2AE2B0152C700BCFD61 /* Controllers */ = {
			isa = PBXGroup;
			children = (
				57BE15802B01168B001FA77E /* RulesViewController.swift */,
			);
			path = Controllers;
			sourceTree = "<group>";
		};
		57A8F2AF2B0152CE00BCFD61 /* Views */ = {
			isa = PBXGroup;
			children = (
			);
			path = Views;
			sourceTree = "<group>";
		};
		57A8F2B02B0152D200BCFD61 /* Models */ = {
			isa = PBXGroup;
			children = (
			);
			path = Models;
			sourceTree = "<group>";
		};
		57A8F2B42B0152F200BCFD61 /* Controllers */ = {
			isa = PBXGroup;
			children = (
				57C8F2382B03F1D60001DD19 /* SettingBackgroundCell.swift */,
				57C8F2392B03F1D60001DD19 /* SettingSpeedCell.swift */,
				57C8F23A2B03F1D60001DD19 /* SettingTimeCell.swift */,
				57BE157C2B01166A001FA77E /* SettingsViewController.swift */,
			);
			path = Controllers;
			sourceTree = "<group>";
		};
		57A8F2B52B0152F800BCFD61 /* Views */ = {
			isa = PBXGroup;
			children = (
			);
			path = Views;
			sourceTree = "<group>";
		};
		57A8F2B62B0152FC00BCFD61 /* Models */ = {
			isa = PBXGroup;
			children = (
			);
			path = Models;
			sourceTree = "<group>";
		};
		57BE15532B011544001FA77E = {
			isa = PBXGroup;
			children = (
				57BE155E2B011544001FA77E /* RainbowGame */,
				57BE155D2B011544001FA77E /* Products */,
			);
			sourceTree = "<group>";
		};
		57BE155D2B011544001FA77E /* Products */ = {
			isa = PBXGroup;
			children = (
				57BE155C2B011544001FA77E /* RainbowGame.app */,
			);
			name = Products;
			sourceTree = "<group>";
		};
		57BE155E2B011544001FA77E /* RainbowGame */ = {
			isa = PBXGroup;
			children = (
				57D927662B014AC400904463 /* Info.plist */,
				57BE15732B0115C8001FA77E /* App */,
				57BE15752B0115F5001FA77E /* MainScreen */,
				57BE15762B011602001FA77E /* GameScreen */,
				57BE15792B01162D001FA77E /* RulesScreen */,
				57BE157A2B01163A001FA77E /* ResultsScreen */,
				57BE157B2B011645001FA77E /* SettingsScreen */,
				774CD7912B017DDC007284AE /* Extensions */,
				57BE15742B0115D8001FA77E /* Resourses */,
				770AD2622B026AE000150DCF /* Base */,
			);
			path = RainbowGame;
			sourceTree = "<group>";
		};
		57BE15732B0115C8001FA77E /* App */ = {
			isa = PBXGroup;
			children = (
				57BE155F2B011544001FA77E /* AppDelegate.swift */,
				57BE15612B011544001FA77E /* SceneDelegate.swift */,
			);
			path = App;
			sourceTree = "<group>";
		};
		57BE15742B0115D8001FA77E /* Resourses */ = {
			isa = PBXGroup;
			children = (
				57BE15682B011547001FA77E /* Assets.xcassets */,
				774CD7812B016F06007284AE /* Colors.xcassets */,
				57BE156A2B011547001FA77E /* LaunchScreen.storyboard */,
				774CD7832B016F2F007284AE /* Colors.swift */,
				774CD78D2B017C5E007284AE /* Fonts.swift */,
				770AD2632B026B8200150DCF /* Images.swift */,
			);
			path = Resourses;
			sourceTree = "<group>";
		};
		57BE15752B0115F5001FA77E /* MainScreen */ = {
			isa = PBXGroup;
			children = (
				57A8F2A92B01528A00BCFD61 /* Models */,
				57A8F2AA2B01529500BCFD61 /* Views */,
				57A8F2A82B01528000BCFD61 /* Controllers */,
			);
			path = MainScreen;
			sourceTree = "<group>";
		};
		57BE15762B011602001FA77E /* GameScreen */ = {
			isa = PBXGroup;
			children = (
				57BE15772B011626001FA77E /* GameScreenViewController.swift */,
				774CD77B2B016CB0007284AE /* GameScreenPresenter.swift */,
				774CD77D2B016CB5007284AE /* GameScreen.swift */,
				774CD77F2B016D1F007284AE /* GameScreenProtocols.swift */,
				774CD7872B016FE3007284AE /* Views */,
			);
			name = GameScreen;
			path = Screens/GameScreen;
			sourceTree = "<group>";
		};
		57BE15792B01162D001FA77E /* RulesScreen */ = {
			isa = PBXGroup;
			children = (
				57A8F2B02B0152D200BCFD61 /* Models */,
				57A8F2AF2B0152CE00BCFD61 /* Views */,
				57A8F2AE2B0152C700BCFD61 /* Controllers */,
			);
			path = RulesScreen;
			sourceTree = "<group>";
		};
		57BE157A2B01163A001FA77E /* ResultsScreen */ = {
			isa = PBXGroup;
			children = (
				CB43A2502B02BDA30021904B /* Controllers */,
				CB43A24F2B02BD980021904B /* Views */,
				CB43A24E2B02BD910021904B /* Models */,
			);
			path = ResultsScreen;
			sourceTree = "<group>";
		};
		57BE157B2B011645001FA77E /* SettingsScreen */ = {
			isa = PBXGroup;
			children = (
				57A8F2B62B0152FC00BCFD61 /* Models */,
				57A8F2B52B0152F800BCFD61 /* Views */,
				57A8F2B42B0152F200BCFD61 /* Controllers */,
			);
			path = SettingsScreen;
			sourceTree = "<group>";
		};
		770AD2622B026AE000150DCF /* Base */ = {
			isa = PBXGroup;
			children = (
				770AD2602B026ACA00150DCF /* RainbowNavigationController.swift */,
				770AD2652B026F0700150DCF /* RainbowViewController.swift */,
			);
			path = Base;
			sourceTree = "<group>";
		};
		774CD7872B016FE3007284AE /* Views */ = {
			isa = PBXGroup;
			children = (
				774CD7852B016FE0007284AE /* ColorView.swift */,
			);
			path = Views;
			sourceTree = "<group>";
		};
		774CD7912B017DDC007284AE /* Extensions */ = {
			isa = PBXGroup;
			children = (
				24A047E92B03ED5800516074 /* CustomButton.swift */,
				774CD78F2B017DC4007284AE /* UIApplication+Extension.swift */,
			);
			path = Extensions;
			sourceTree = "<group>";
		};
		CB43A24E2B02BD910021904B /* Models */ = {
			isa = PBXGroup;
			children = (
				CB43A2552B02BDFE0021904B /* GameResult.swift */,
				CB43A2572B02BE120021904B /* GameResults.swift */,
			);
			path = Models;
			sourceTree = "<group>";
		};
		CB43A24F2B02BD980021904B /* Views */ = {
			isa = PBXGroup;
			children = (
				CB43A2532B02BDE80021904B /* ResultCell.swift */,
			);
			path = Views;
			sourceTree = "<group>";
		};
		CB43A2502B02BDA30021904B /* Controllers */ = {
			isa = PBXGroup;
			children = (
				CB43A2512B02BDBF0021904B /* ResultsViewController.swift */,
			);
			path = Controllers;
			sourceTree = "<group>";
		};
/* End PBXGroup section */

/* Begin PBXNativeTarget section */
		57BE155B2B011544001FA77E /* RainbowGame */ = {
			isa = PBXNativeTarget;
			buildConfigurationList = 57BE15702B011547001FA77E /* Build configuration list for PBXNativeTarget "RainbowGame" */;
			buildPhases = (
				57BE15582B011544001FA77E /* Sources */,
				57BE15592B011544001FA77E /* Frameworks */,
				57BE155A2B011544001FA77E /* Resources */,
			);
			buildRules = (
			);
			dependencies = (
			);
			name = RainbowGame;
			packageProductDependencies = (
				774CD7892B01710B007284AE /* SnapKit */,
				774CD78B2B01710B007284AE /* SnapKit-Dynamic */,
			);
			productName = RainbowGame;
			productReference = 57BE155C2B011544001FA77E /* RainbowGame.app */;
			productType = "com.apple.product-type.application";
		};
/* End PBXNativeTarget section */

/* Begin PBXProject section */
		57BE15542B011544001FA77E /* Project object */ = {
			isa = PBXProject;
			attributes = {
				BuildIndependentTargetsInParallel = 1;
				LastSwiftUpdateCheck = 1500;
				LastUpgradeCheck = 1500;
				TargetAttributes = {
					57BE155B2B011544001FA77E = {
						CreatedOnToolsVersion = 15.0;
					};
				};
			};
			buildConfigurationList = 57BE15572B011544001FA77E /* Build configuration list for PBXProject "RainbowGame" */;
			compatibilityVersion = "Xcode 14.0";
			developmentRegion = en;
			hasScannedForEncodings = 0;
			knownRegions = (
				en,
				Base,
			);
			mainGroup = 57BE15532B011544001FA77E;
			packageReferences = (
				774CD7882B01710B007284AE /* XCRemoteSwiftPackageReference "SnapKit" */,
			);
			productRefGroup = 57BE155D2B011544001FA77E /* Products */;
			projectDirPath = "";
			projectRoot = "";
			targets = (
				57BE155B2B011544001FA77E /* RainbowGame */,
			);
		};
/* End PBXProject section */

/* Begin PBXResourcesBuildPhase section */
		57BE155A2B011544001FA77E /* Resources */ = {
			isa = PBXResourcesBuildPhase;
			buildActionMask = 2147483647;
			files = (
				774CD7822B016F06007284AE /* Colors.xcassets in Resources */,
				57BE156C2B011547001FA77E /* LaunchScreen.storyboard in Resources */,
				57BE15692B011547001FA77E /* Assets.xcassets in Resources */,
			);
			runOnlyForDeploymentPostprocessing = 0;
		};
/* End PBXResourcesBuildPhase section */

/* Begin PBXSourcesBuildPhase section */
		57BE15582B011544001FA77E /* Sources */ = {
			isa = PBXSourcesBuildPhase;
			buildActionMask = 2147483647;
			files = (
				24A047EC2B03F0BE00516074 /* MainViewController.swift in Sources */,
				774CD7862B016FE0007284AE /* ColorView.swift in Sources */,
				57BE15812B01168B001FA77E /* RulesViewController.swift in Sources */,
				57C8F23C2B03F1D60001DD19 /* SettingSpeedCell.swift in Sources */,
				774CD78E2B017C5E007284AE /* Fonts.swift in Sources */,
				774CD7842B016F2F007284AE /* Colors.swift in Sources */,
				57BE15782B011626001FA77E /* GameScreenViewController.swift in Sources */,
				774CD77C2B016CB0007284AE /* GameScreenPresenter.swift in Sources */,
				774CD7902B017DC4007284AE /* UIApplication+Extension.swift in Sources */,
				770AD2612B026ACA00150DCF /* RainbowNavigationController.swift in Sources */,
				770AD2662B026F0700150DCF /* RainbowViewController.swift in Sources */,
				774CD77E2B016CB5007284AE /* GameScreen.swift in Sources */,
				24A047EA2B03ED5800516074 /* CustomButton.swift in Sources */,
				57C8F23D2B03F1D60001DD19 /* SettingTimeCell.swift in Sources */,
				CB43A2542B02BDE80021904B /* ResultCell.swift in Sources */,
				CB43A2582B02BE120021904B /* GameResults.swift in Sources */,
				CB43A2522B02BDBF0021904B /* ResultsViewController.swift in Sources */,
				57BE15602B011544001FA77E /* AppDelegate.swift in Sources */,
				57C8F23B2B03F1D60001DD19 /* SettingBackgroundCell.swift in Sources */,
				57BE157D2B01166A001FA77E /* SettingsViewController.swift in Sources */,
				774CD7802B016D1F007284AE /* GameScreenProtocols.swift in Sources */,
				770AD2642B026B8200150DCF /* Images.swift in Sources */,
				57BE15622B011544001FA77E /* SceneDelegate.swift in Sources */,
				CB43A2562B02BDFE0021904B /* GameResult.swift in Sources */,
			);
			runOnlyForDeploymentPostprocessing = 0;
		};
/* End PBXSourcesBuildPhase section */

/* Begin PBXVariantGroup section */
		57BE156A2B011547001FA77E /* LaunchScreen.storyboard */ = {
			isa = PBXVariantGroup;
			children = (
				57BE156B2B011547001FA77E /* Base */,
			);
			name = LaunchScreen.storyboard;
			sourceTree = "<group>";
		};
/* End PBXVariantGroup section */

/* Begin XCBuildConfiguration section */
		57BE156E2B011547001FA77E /* Debug */ = {
			isa = XCBuildConfiguration;
			buildSettings = {
				ALWAYS_SEARCH_USER_PATHS = NO;
				ASSETCATALOG_COMPILER_GENERATE_SWIFT_ASSET_SYMBOL_EXTENSIONS = YES;
				CLANG_ANALYZER_NONNULL = YES;
				CLANG_ANALYZER_NUMBER_OBJECT_CONVERSION = YES_AGGRESSIVE;
				CLANG_CXX_LANGUAGE_STANDARD = "gnu++20";
				CLANG_ENABLE_MODULES = YES;
				CLANG_ENABLE_OBJC_ARC = YES;
				CLANG_ENABLE_OBJC_WEAK = YES;
				CLANG_WARN_BLOCK_CAPTURE_AUTORELEASING = YES;
				CLANG_WARN_BOOL_CONVERSION = YES;
				CLANG_WARN_COMMA = YES;
				CLANG_WARN_CONSTANT_CONVERSION = YES;
				CLANG_WARN_DEPRECATED_OBJC_IMPLEMENTATIONS = YES;
				CLANG_WARN_DIRECT_OBJC_ISA_USAGE = YES_ERROR;
				CLANG_WARN_DOCUMENTATION_COMMENTS = YES;
				CLANG_WARN_EMPTY_BODY = YES;
				CLANG_WARN_ENUM_CONVERSION = YES;
				CLANG_WARN_INFINITE_RECURSION = YES;
				CLANG_WARN_INT_CONVERSION = YES;
				CLANG_WARN_NON_LITERAL_NULL_CONVERSION = YES;
				CLANG_WARN_OBJC_IMPLICIT_RETAIN_SELF = YES;
				CLANG_WARN_OBJC_LITERAL_CONVERSION = YES;
				CLANG_WARN_OBJC_ROOT_CLASS = YES_ERROR;
				CLANG_WARN_QUOTED_INCLUDE_IN_FRAMEWORK_HEADER = YES;
				CLANG_WARN_RANGE_LOOP_ANALYSIS = YES;
				CLANG_WARN_STRICT_PROTOTYPES = YES;
				CLANG_WARN_SUSPICIOUS_MOVE = YES;
				CLANG_WARN_UNGUARDED_AVAILABILITY = YES_AGGRESSIVE;
				CLANG_WARN_UNREACHABLE_CODE = YES;
				CLANG_WARN__DUPLICATE_METHOD_MATCH = YES;
				COPY_PHASE_STRIP = NO;
				DEBUG_INFORMATION_FORMAT = dwarf;
				ENABLE_STRICT_OBJC_MSGSEND = YES;
				ENABLE_TESTABILITY = YES;
				ENABLE_USER_SCRIPT_SANDBOXING = YES;
				GCC_C_LANGUAGE_STANDARD = gnu17;
				GCC_DYNAMIC_NO_PIC = NO;
				GCC_NO_COMMON_BLOCKS = YES;
				GCC_OPTIMIZATION_LEVEL = 0;
				GCC_PREPROCESSOR_DEFINITIONS = (
					"DEBUG=1",
					"$(inherited)",
				);
				GCC_WARN_64_TO_32_BIT_CONVERSION = YES;
				GCC_WARN_ABOUT_RETURN_TYPE = YES_ERROR;
				GCC_WARN_UNDECLARED_SELECTOR = YES;
				GCC_WARN_UNINITIALIZED_AUTOS = YES_AGGRESSIVE;
				GCC_WARN_UNUSED_FUNCTION = YES;
				GCC_WARN_UNUSED_VARIABLE = YES;
				IPHONEOS_DEPLOYMENT_TARGET = 17.0;
				LOCALIZATION_PREFERS_STRING_CATALOGS = YES;
				MTL_ENABLE_DEBUG_INFO = INCLUDE_SOURCE;
				MTL_FAST_MATH = YES;
				ONLY_ACTIVE_ARCH = YES;
				SDKROOT = iphoneos;
				SWIFT_ACTIVE_COMPILATION_CONDITIONS = "DEBUG $(inherited)";
				SWIFT_OPTIMIZATION_LEVEL = "-Onone";
			};
			name = Debug;
		};
		57BE156F2B011547001FA77E /* Release */ = {
			isa = XCBuildConfiguration;
			buildSettings = {
				ALWAYS_SEARCH_USER_PATHS = NO;
				ASSETCATALOG_COMPILER_GENERATE_SWIFT_ASSET_SYMBOL_EXTENSIONS = YES;
				CLANG_ANALYZER_NONNULL = YES;
				CLANG_ANALYZER_NUMBER_OBJECT_CONVERSION = YES_AGGRESSIVE;
				CLANG_CXX_LANGUAGE_STANDARD = "gnu++20";
				CLANG_ENABLE_MODULES = YES;
				CLANG_ENABLE_OBJC_ARC = YES;
				CLANG_ENABLE_OBJC_WEAK = YES;
				CLANG_WARN_BLOCK_CAPTURE_AUTORELEASING = YES;
				CLANG_WARN_BOOL_CONVERSION = YES;
				CLANG_WARN_COMMA = YES;
				CLANG_WARN_CONSTANT_CONVERSION = YES;
				CLANG_WARN_DEPRECATED_OBJC_IMPLEMENTATIONS = YES;
				CLANG_WARN_DIRECT_OBJC_ISA_USAGE = YES_ERROR;
				CLANG_WARN_DOCUMENTATION_COMMENTS = YES;
				CLANG_WARN_EMPTY_BODY = YES;
				CLANG_WARN_ENUM_CONVERSION = YES;
				CLANG_WARN_INFINITE_RECURSION = YES;
				CLANG_WARN_INT_CONVERSION = YES;
				CLANG_WARN_NON_LITERAL_NULL_CONVERSION = YES;
				CLANG_WARN_OBJC_IMPLICIT_RETAIN_SELF = YES;
				CLANG_WARN_OBJC_LITERAL_CONVERSION = YES;
				CLANG_WARN_OBJC_ROOT_CLASS = YES_ERROR;
				CLANG_WARN_QUOTED_INCLUDE_IN_FRAMEWORK_HEADER = YES;
				CLANG_WARN_RANGE_LOOP_ANALYSIS = YES;
				CLANG_WARN_STRICT_PROTOTYPES = YES;
				CLANG_WARN_SUSPICIOUS_MOVE = YES;
				CLANG_WARN_UNGUARDED_AVAILABILITY = YES_AGGRESSIVE;
				CLANG_WARN_UNREACHABLE_CODE = YES;
				CLANG_WARN__DUPLICATE_METHOD_MATCH = YES;
				COPY_PHASE_STRIP = NO;
				DEBUG_INFORMATION_FORMAT = "dwarf-with-dsym";
				ENABLE_NS_ASSERTIONS = NO;
				ENABLE_STRICT_OBJC_MSGSEND = YES;
				ENABLE_USER_SCRIPT_SANDBOXING = YES;
				GCC_C_LANGUAGE_STANDARD = gnu17;
				GCC_NO_COMMON_BLOCKS = YES;
				GCC_WARN_64_TO_32_BIT_CONVERSION = YES;
				GCC_WARN_ABOUT_RETURN_TYPE = YES_ERROR;
				GCC_WARN_UNDECLARED_SELECTOR = YES;
				GCC_WARN_UNINITIALIZED_AUTOS = YES_AGGRESSIVE;
				GCC_WARN_UNUSED_FUNCTION = YES;
				GCC_WARN_UNUSED_VARIABLE = YES;
				IPHONEOS_DEPLOYMENT_TARGET = 17.0;
				LOCALIZATION_PREFERS_STRING_CATALOGS = YES;
				MTL_ENABLE_DEBUG_INFO = NO;
				MTL_FAST_MATH = YES;
				SDKROOT = iphoneos;
				SWIFT_COMPILATION_MODE = wholemodule;
				VALIDATE_PRODUCT = YES;
			};
			name = Release;
		};
		57BE15712B011547001FA77E /* Debug */ = {
			isa = XCBuildConfiguration;
			buildSettings = {
				ASSETCATALOG_COMPILER_APPICON_NAME = AppIcon;
				ASSETCATALOG_COMPILER_GLOBAL_ACCENT_COLOR_NAME = AccentColor;
				CODE_SIGN_STYLE = Automatic;
				CURRENT_PROJECT_VERSION = 1;
				DEVELOPMENT_TEAM = 3V899K3TN7;
				GENERATE_INFOPLIST_FILE = YES;
				INFOPLIST_FILE = RainbowGame/Info.plist;
				INFOPLIST_KEY_UIApplicationSupportsIndirectInputEvents = YES;
				INFOPLIST_KEY_UILaunchStoryboardName = LaunchScreen;
				INFOPLIST_KEY_UISupportedInterfaceOrientations = UIInterfaceOrientationPortrait;
				INFOPLIST_KEY_UISupportedInterfaceOrientations_iPad = "UIInterfaceOrientationLandscapeLeft UIInterfaceOrientationLandscapeRight UIInterfaceOrientationPortrait UIInterfaceOrientationPortraitUpsideDown";
				IPHONEOS_DEPLOYMENT_TARGET = 16.0;
				LD_RUNPATH_SEARCH_PATHS = (
					"$(inherited)",
					"@executable_path/Frameworks",
				);
				MARKETING_VERSION = 1.0;
				PRODUCT_BUNDLE_IDENTIFIER = "-9987d2.RainbowGame";
				PRODUCT_NAME = "$(TARGET_NAME)";
				SUPPORTED_PLATFORMS = "iphoneos iphonesimulator";
				SUPPORTS_MACCATALYST = NO;
				SUPPORTS_MAC_DESIGNED_FOR_IPHONE_IPAD = NO;
				SWIFT_EMIT_LOC_STRINGS = YES;
				SWIFT_VERSION = 5.0;
				TARGETED_DEVICE_FAMILY = 1;
			};
			name = Debug;
		};
		57BE15722B011547001FA77E /* Release */ = {
			isa = XCBuildConfiguration;
			buildSettings = {
				ASSETCATALOG_COMPILER_APPICON_NAME = AppIcon;
				ASSETCATALOG_COMPILER_GLOBAL_ACCENT_COLOR_NAME = AccentColor;
				CODE_SIGN_STYLE = Automatic;
				CURRENT_PROJECT_VERSION = 1;
				DEVELOPMENT_TEAM = 3V899K3TN7;
				GENERATE_INFOPLIST_FILE = YES;
				INFOPLIST_FILE = RainbowGame/Info.plist;
				INFOPLIST_KEY_UIApplicationSupportsIndirectInputEvents = YES;
				INFOPLIST_KEY_UILaunchStoryboardName = LaunchScreen;
				INFOPLIST_KEY_UISupportedInterfaceOrientations = UIInterfaceOrientationPortrait;
				INFOPLIST_KEY_UISupportedInterfaceOrientations_iPad = "UIInterfaceOrientationLandscapeLeft UIInterfaceOrientationLandscapeRight UIInterfaceOrientationPortrait UIInterfaceOrientationPortraitUpsideDown";
				IPHONEOS_DEPLOYMENT_TARGET = 16.0;
				LD_RUNPATH_SEARCH_PATHS = (
					"$(inherited)",
					"@executable_path/Frameworks",
				);
				MARKETING_VERSION = 1.0;
				PRODUCT_BUNDLE_IDENTIFIER = "-9987d2.RainbowGame";
				PRODUCT_NAME = "$(TARGET_NAME)";
				SUPPORTED_PLATFORMS = "iphoneos iphonesimulator";
				SUPPORTS_MACCATALYST = NO;
				SUPPORTS_MAC_DESIGNED_FOR_IPHONE_IPAD = NO;
				SWIFT_EMIT_LOC_STRINGS = YES;
				SWIFT_VERSION = 5.0;
				TARGETED_DEVICE_FAMILY = 1;
			};
			name = Release;
		};
/* End XCBuildConfiguration section */

/* Begin XCConfigurationList section */
		57BE15572B011544001FA77E /* Build configuration list for PBXProject "RainbowGame" */ = {
			isa = XCConfigurationList;
			buildConfigurations = (
				57BE156E2B011547001FA77E /* Debug */,
				57BE156F2B011547001FA77E /* Release */,
			);
			defaultConfigurationIsVisible = 0;
			defaultConfigurationName = Release;
		};
		57BE15702B011547001FA77E /* Build configuration list for PBXNativeTarget "RainbowGame" */ = {
			isa = XCConfigurationList;
			buildConfigurations = (
				57BE15712B011547001FA77E /* Debug */,
				57BE15722B011547001FA77E /* Release */,
			);
			defaultConfigurationIsVisible = 0;
			defaultConfigurationName = Release;
		};
/* End XCConfigurationList section */

/* Begin XCRemoteSwiftPackageReference section */
		774CD7882B01710B007284AE /* XCRemoteSwiftPackageReference "SnapKit" */ = {
			isa = XCRemoteSwiftPackageReference;
			repositoryURL = "https://github.com/SnapKit/SnapKit.git";
			requirement = {
				kind = exactVersion;
				version = 5.6.0;
			};
		};
/* End XCRemoteSwiftPackageReference section */

/* Begin XCSwiftPackageProductDependency section */
		774CD7892B01710B007284AE /* SnapKit */ = {
			isa = XCSwiftPackageProductDependency;
			package = 774CD7882B01710B007284AE /* XCRemoteSwiftPackageReference "SnapKit" */;
			productName = SnapKit;
		};
		774CD78B2B01710B007284AE /* SnapKit-Dynamic */ = {
			isa = XCSwiftPackageProductDependency;
			package = 774CD7882B01710B007284AE /* XCRemoteSwiftPackageReference "SnapKit" */;
			productName = "SnapKit-Dynamic";
		};
/* End XCSwiftPackageProductDependency section */
	};
	rootObject = 57BE15542B011544001FA77E /* Project object */;
}
